
Microsoft Visual Studio Solution File, Format Version 12.00
# Visual Studio Version 17
VisualStudioVersion = 17.0.31903.59
MinimumVisualStudioVersion = 10.0.40219.1
Project("{2150E333-8FDC-42A3-9474-1A3956D46DE8}") = "Server", "Server", "{DAD03CFC-D5FA-AC94-41C7-9ABAB326F09E}"
EndProject
Project("{FAE04EC0-301F-11D3-BF4B-00C04F79EFBC}") = "Entities", "Server\Entities\Entities.csproj", "{73C5EE51-A1A4-416C-B572-7801A450C43F}"
EndProject
Project("{FAE04EC0-301F-11D3-BF4B-00C04F79EFBC}") = "RepositoryContracts", "Server\RepositoryContracts\RepositoryContracts.csproj", "{0A8E6D8B-75F1-45CA-B58E-4CA5B5EDD8F1}"
EndProject
Project("{FAE04EC0-301F-11D3-BF4B-00C04F79EFBC}") = "InMemoryRepositories", "Server\InMemoryRepositories\InMemoryRepositories.csproj", "{ED57969F-14F3-44CE-8A1D-F116E34E4D49}"
EndProject
Project("{FAE04EC0-301F-11D3-BF4B-00C04F79EFBC}") = "CLI", "Server\CLI\CLI.csproj", "{D5133059-A7E7-446D-B481-75E89FF7A5FF}"
EndProject
Global
	GlobalSection(SolutionConfigurationPlatforms) = preSolution
		Debug|Any CPU = Debug|Any CPU
		Debug|x64 = Debug|x64
		Debug|x86 = Debug|x86
		Release|Any CPU = Release|Any CPU
		Release|x64 = Release|x64
		Release|x86 = Release|x86
	EndGlobalSection
	GlobalSection(ProjectConfigurationPlatforms) = postSolution
		{73C5EE51-A1A4-416C-B572-7801A450C43F}.Debug|Any CPU.ActiveCfg = Debug|Any CPU
		{73C5EE51-A1A4-416C-B572-7801A450C43F}.Debug|Any CPU.Build.0 = Debug|Any CPU
		{73C5EE51-A1A4-416C-B572-7801A450C43F}.Debug|x64.ActiveCfg = Debug|Any CPU
		{73C5EE51-A1A4-416C-B572-7801A450C43F}.Debug|x64.Build.0 = Debug|Any CPU
		{73C5EE51-A1A4-416C-B572-7801A450C43F}.Debug|x86.ActiveCfg = Debug|Any CPU
		{73C5EE51-A1A4-416C-B572-7801A450C43F}.Debug|x86.Build.0 = Debug|Any CPU
		{73C5EE51-A1A4-416C-B572-7801A450C43F}.Release|Any CPU.ActiveCfg = Release|Any CPU
		{73C5EE51-A1A4-416C-B572-7801A450C43F}.Release|Any CPU.Build.0 = Release|Any CPU
		{73C5EE51-A1A4-416C-B572-7801A450C43F}.Release|x64.ActiveCfg = Release|Any CPU
		{73C5EE51-A1A4-416C-B572-7801A450C43F}.Release|x64.Build.0 = Release|Any CPU
		{73C5EE51-A1A4-416C-B572-7801A450C43F}.Release|x86.ActiveCfg = Release|Any CPU
		{73C5EE51-A1A4-416C-B572-7801A450C43F}.Release|x86.Build.0 = Release|Any CPU
		{0A8E6D8B-75F1-45CA-B58E-4CA5B5EDD8F1}.Debug|Any CPU.ActiveCfg = Debug|Any CPU
		{0A8E6D8B-75F1-45CA-B58E-4CA5B5EDD8F1}.Debug|Any CPU.Build.0 = Debug|Any CPU
		{0A8E6D8B-75F1-45CA-B58E-4CA5B5EDD8F1}.Debug|x64.ActiveCfg = Debug|Any CPU
		{0A8E6D8B-75F1-45CA-B58E-4CA5B5EDD8F1}.Debug|x64.Build.0 = Debug|Any CPU
		{0A8E6D8B-75F1-45CA-B58E-4CA5B5EDD8F1}.Debug|x86.ActiveCfg = Debug|Any CPU
		{0A8E6D8B-75F1-45CA-B58E-4CA5B5EDD8F1}.Debug|x86.Build.0 = Debug|Any CPU
		{0A8E6D8B-75F1-45CA-B58E-4CA5B5EDD8F1}.Release|Any CPU.ActiveCfg = Release|Any CPU
		{0A8E6D8B-75F1-45CA-B58E-4CA5B5EDD8F1}.Release|Any CPU.Build.0 = Release|Any CPU
		{0A8E6D8B-75F1-45CA-B58E-4CA5B5EDD8F1}.Release|x64.ActiveCfg = Release|Any CPU
		{0A8E6D8B-75F1-45CA-B58E-4CA5B5EDD8F1}.Release|x64.Build.0 = Release|Any CPU
		{0A8E6D8B-75F1-45CA-B58E-4CA5B5EDD8F1}.Release|x86.ActiveCfg = Release|Any CPU
		{0A8E6D8B-75F1-45CA-B58E-4CA5B5EDD8F1}.Release|x86.Build.0 = Release|Any CPU
		{ED57969F-14F3-44CE-8A1D-F116E34E4D49}.Debug|Any CPU.ActiveCfg = Debug|Any CPU
		{ED57969F-14F3-44CE-8A1D-F116E34E4D49}.Debug|Any CPU.Build.0 = Debug|Any CPU
		{ED57969F-14F3-44CE-8A1D-F116E34E4D49}.Debug|x64.ActiveCfg = Debug|Any CPU
		{ED57969F-14F3-44CE-8A1D-F116E34E4D49}.Debug|x64.Build.0 = Debug|Any CPU
		{ED57969F-14F3-44CE-8A1D-F116E34E4D49}.Debug|x86.ActiveCfg = Debug|Any CPU
		{ED57969F-14F3-44CE-8A1D-F116E34E4D49}.Debug|x86.Build.0 = Debug|Any CPU
		{ED57969F-14F3-44CE-8A1D-F116E34E4D49}.Release|Any CPU.ActiveCfg = Release|Any CPU
		{ED57969F-14F3-44CE-8A1D-F116E34E4D49}.Release|Any CPU.Build.0 = Release|Any CPU
		{ED57969F-14F3-44CE-8A1D-F116E34E4D49}.Release|x64.ActiveCfg = Release|Any CPU
		{ED57969F-14F3-44CE-8A1D-F116E34E4D49}.Release|x64.Build.0 = Release|Any CPU
		{ED57969F-14F3-44CE-8A1D-F116E34E4D49}.Release|x86.ActiveCfg = Release|Any CPU
		{ED57969F-14F3-44CE-8A1D-F116E34E4D49}.Release|x86.Build.0 = Release|Any CPU
		{D5133059-A7E7-446D-B481-75E89FF7A5FF}.Debug|Any CPU.ActiveCfg = Debug|Any CPU
		{D5133059-A7E7-446D-B481-75E89FF7A5FF}.Debug|Any CPU.Build.0 = Debug|Any CPU
		{D5133059-A7E7-446D-B481-75E89FF7A5FF}.Debug|x64.ActiveCfg = Debug|Any CPU
		{D5133059-A7E7-446D-B481-75E89FF7A5FF}.Debug|x64.Build.0 = Debug|Any CPU
		{D5133059-A7E7-446D-B481-75E89FF7A5FF}.Debug|x86.ActiveCfg = Debug|Any CPU
		{D5133059-A7E7-446D-B481-75E89FF7A5FF}.Debug|x86.Build.0 = Debug|Any CPU
		{D5133059-A7E7-446D-B481-75E89FF7A5FF}.Release|Any CPU.ActiveCfg = Release|Any CPU
		{D5133059-A7E7-446D-B481-75E89FF7A5FF}.Release|Any CPU.Build.0 = Release|Any CPU
		{D5133059-A7E7-446D-B481-75E89FF7A5FF}.Release|x64.ActiveCfg = Release|Any CPU
		{D5133059-A7E7-446D-B481-75E89FF7A5FF}.Release|x64.Build.0 = Release|Any CPU
		{D5133059-A7E7-446D-B481-75E89FF7A5FF}.Release|x86.ActiveCfg = Release|Any CPU
		{D5133059-A7E7-446D-B481-75E89FF7A5FF}.Release|x86.Build.0 = Release|Any CPU
	EndGlobalSection
	GlobalSection(SolutionProperties) = preSolution
		HideSolutionNode = FALSE
	EndGlobalSection
	GlobalSection(NestedProjects) = preSolution
		{73C5EE51-A1A4-416C-B572-7801A450C43F} = {DAD03CFC-D5FA-AC94-41C7-9ABAB326F09E}
		{0A8E6D8B-75F1-45CA-B58E-4CA5B5EDD8F1} = {DAD03CFC-D5FA-AC94-41C7-9ABAB326F09E}
		{ED57969F-14F3-44CE-8A1D-F116E34E4D49} = {DAD03CFC-D5FA-AC94-41C7-9ABAB326F09E}
		{D5133059-A7E7-446D-B481-75E89FF7A5FF} = {DAD03CFC-D5FA-AC94-41C7-9ABAB326F09E}
	EndGlobalSection
EndGlobal
